
Microsoft Visual Studio Solution File, Format Version 12.00
# Visual Studio Version 17
VisualStudioVersion = 17.1.32228.430
MinimumVisualStudioVersion = 10.0.40219.1
Project("{9A19103F-16F7-4668-BE54-9A1E7A4F7556}") = "post-service", "post-service\post-service.csproj", "{B6CA8973-B21C-4FF4-B863-799ABDBEF519}"
EndProject
Project("{FAE04EC0-301F-11D3-BF4B-00C04F79EFBC}") = "post-service-tests", "post-service-tests\post-service-tests.csproj", "{64AF1301-1855-4A32-8132-8EEB0544BA9B}"
EndProject
Global
	GlobalSection(SolutionConfigurationPlatforms) = preSolution
		Debug|Any CPU = Debug|Any CPU
		Release|Any CPU = Release|Any CPU
	EndGlobalSection
	GlobalSection(ProjectConfigurationPlatforms) = postSolution
		{B6CA8973-B21C-4FF4-B863-799ABDBEF519}.Debug|Any CPU.ActiveCfg = Debug|Any CPU
		{B6CA8973-B21C-4FF4-B863-799ABDBEF519}.Debug|Any CPU.Build.0 = Debug|Any CPU
		{B6CA8973-B21C-4FF4-B863-799ABDBEF519}.Release|Any CPU.ActiveCfg = Release|Any CPU
		{B6CA8973-B21C-4FF4-B863-799ABDBEF519}.Release|Any CPU.Build.0 = Release|Any CPU
		{64AF1301-1855-4A32-8132-8EEB0544BA9B}.Debug|Any CPU.ActiveCfg = Debug|Any CPU
		{64AF1301-1855-4A32-8132-8EEB0544BA9B}.Debug|Any CPU.Build.0 = Debug|Any CPU
		{64AF1301-1855-4A32-8132-8EEB0544BA9B}.Release|Any CPU.ActiveCfg = Release|Any CPU
		{64AF1301-1855-4A32-8132-8EEB0544BA9B}.Release|Any CPU.Build.0 = Release|Any CPU
	EndGlobalSection
	GlobalSection(SolutionProperties) = preSolution
		HideSolutionNode = FALSE
	EndGlobalSection
	GlobalSection(ExtensibilityGlobals) = postSolution
		SolutionGuid = {966585F9-BB55-479D-9714-EFEC869C3D32}
	EndGlobalSection
EndGlobal
